github.com/magefile/mage v1.14.0 h1:6QDX3g6z1YvJ4olPhT1wksUcSa/V0a1B+pJb73fBjyo=
github.com/magefile/mage v1.14.0/go.mod h1:z5UZb/iS3GoOSn0JgWuiw7dxlurVYTu+/jHXqQg881A=
github.com/mcandre/mage-extras v0.0.17 h1:Ihe4gfRYpn1Goowzk339YmYC1K9jXN2aJ9GaMUtiGDU=
github.com/mcandre/mage-extras v0.0.17/go.mod h1:OvwmvvrYj+Eb+8LCL8ScRMJ9wr0KMbsbV1Ry68zH99k=
gitlab.com/gomidi/midi/v2 v2.0.28 h1:kxwA4ZXXm6lVxzzKQkFnKrgjNEjkPLAS6eCJgAk1gmY=
gitlab.com/gomidi/midi/v2 v2.0.28/go.mod h1:quTyMKSQ4Klevxu6gY4gy2USbeZra0fV5SalndmPfsY=
